{
  "name": "fritz-callmonitor",
  "version": "3.0.2",
  "lockfileVersion": 1,
  "dependencies": {
    "@types/byline": {
      "version": "4.2.31",
      "resolved": "https://registry.npmjs.org/@types/byline/-/byline-4.2.31.tgz",
      "integrity": "sha1-DmH8ucA+BH0hxEllVMcRYperYM0="
    },
    "@types/node": {
      "version": "8.0.1",
      "resolved": "https://registry.npmjs.org/@types/node/-/node-8.0.1.tgz",
      "integrity": "sha512-bys2VRs6H7HP8S26aHgPWSiSX7q81TToe5HSSvl5bQjoSElQ2SwbGw2p6/DSDb7Vr0oKhewFao9ZuTn8DSag9Q=="
    },
    "moment": {
      "version": "2.18.1",
      "resolved": "https://registry.npmjs.org/moment/-/moment-2.18.1.tgz",
      "integrity": "sha1-w2GT3Tzhwu7SrbfIAtu8d6gbHA8="
    }
  }
}
