{
  "name": "fritz-callmonitor",
  "version": "3.1.1",
  "lockfileVersion": 1,
  "requires": true,
  "dependencies": {
    "@types/byline": {
      "version": "4.2.31",
      "resolved": "https://registry.npmjs.org/@types/byline/-/byline-4.2.31.tgz",
      "integrity": "sha1-DmH8ucA+BH0hxEllVMcRYperYM0=",
      "requires": {
        "@types/node": "*"
      }
    },
    "@types/node": {
      "version": "8.0.1",
      "resolved": "https://registry.npmjs.org/@types/node/-/node-8.0.1.tgz",
      "integrity": "sha512-bys2VRs6H7HP8S26aHgPWSiSX7q81TToe5HSSvl5bQjoSElQ2SwbGw2p6/DSDb7Vr0oKhewFao9ZuTn8DSag9Q=="
    },
    "byline": {
      "version": "4.2.2",
      "resolved": "https://registry.npmjs.org/byline/-/byline-4.2.2.tgz",
      "integrity": "sha1-wgOpilsCkIIqk4anjtosvVvNsy8="
    },
    "moment": {
      "version": "2.22.2",
      "resolved": "https://registry.npmjs.org/moment/-/moment-2.22.2.tgz",
      "integrity": "sha1-PCV/mDn8DpP/UxSWMiOeuQeD/2Y="
    },
    "typescript": {
      "version": "2.9.1",
      "resolved": "https://registry.npmjs.org/typescript/-/typescript-2.9.1.tgz",
      "integrity": "sha512-h6pM2f/GDchCFlldnriOhs1QHuwbnmj6/v7499eMHqPeW4V2G0elua2eIc2nu8v2NdHV0Gm+tzX83Hr6nUFjQA==",
      "dev": true
    }
  }
}
