# THIS IS AN AUTOGENERATED FILE. DO NOT EDIT THIS FILE DIRECTLY.
# yarn lockfile v1
"@types/byline@^4.2.30":
  version "4.2.30"
  resolved "https://registry.yarnpkg.com/@types/byline/-/byline-4.2.30.tgz#341689407282d0ba0ce990eec750e8787f6f5a8c"
  dependencies:
    "@types/node" "*"

"@types/node@*":
  version "6.0.45"
  resolved "https://registry.yarnpkg.com/@types/node/-/node-6.0.45.tgz#c4842a9d653d767831e4ff495b6008cc0d579966"

byline@^4.2:
  version "4.2.2"
  resolved "https://registry.yarnpkg.com/byline/-/byline-4.2.2.tgz#c203a98a5b0290822a9386a78eda2cbd5bcdb32f"

moment@^2.8:
  version "2.15.1"
  resolved "https://registry.yarnpkg.com/moment/-/moment-2.15.1.tgz#e979c2a29e22888e60f396f2220a6118f85cd94c"

typescript@^2.0.3:
  version "2.0.3"
  resolved "https://registry.yarnpkg.com/typescript/-/typescript-2.0.3.tgz#33dec9eae86b8eee327dd419ca050c853cabd514"

